
Microsoft Visual Studio Solution File, Format Version 12.00
# Visual Studio Version 16
VisualStudioVersion = 16.0.29324.140
MinimumVisualStudioVersion = 10.0.40219.1
Project("{9A19103F-16F7-4668-BE54-9A1E7A4F7556}") = "TestComponentApp", "TestComponentApp\TestComponentApp.csproj", "{6062004E-D430-4644-AD25-4EE6CED64B28}"
EndProject
Project("{9A19103F-16F7-4668-BE54-9A1E7A4F7556}") = "NoJS.Modal", "NoJS.Modal\NoJS.Modal.csproj", "{C95039A4-173F-4856-8F99-1AFFCBBC52A5}"
EndProject
Project("{9A19103F-16F7-4668-BE54-9A1E7A4F7556}") = "NoJS.Toast", "NoJS.Toast\NoJS.Toast.csproj", "{2D4AA5D3-1D41-4D6C-ACA0-B7E91A46775B}"
EndProject
Project("{9A19103F-16F7-4668-BE54-9A1E7A4F7556}") = "NoJS.Card", "NoJS.Card\NoJS.Card.csproj", "{D07C7CA0-28A5-4359-874A-59DABB0B595B}"
EndProject
Project("{9A19103F-16F7-4668-BE54-9A1E7A4F7556}") = "NoJS.Storage", "NoJS.Storage\NoJS.Storage.csproj", "{2828E353-5E9A-4E7B-8039-8A212C473399}"
EndProject
Project("{9A19103F-16F7-4668-BE54-9A1E7A4F7556}") = "NoJS.PDFViewer", "NoJS.PDFViewer\NoJS.PDFViewer.csproj", "{6DE8AFF1-92B9-4E01-AD28-19944E1E1B54}"
EndProject
Project("{2150E333-8FDC-42A3-9474-1A3956D46DE8}") = "Solution Items", "Solution Items", "{76089A0B-7633-4EAD-BFA1-8BE4C0303CC2}"
	ProjectSection(SolutionItems) = preProject
		README.md = README.md
		work-in-progress.jpg = work-in-progress.jpg
	EndProjectSection
EndProject
Project("{FAE04EC0-301F-11D3-BF4B-00C04F79EFBC}") = "NoJS.DocumentViewer", "NoJS.DocumentViewer\NoJS.DocumentViewer.csproj", "{6ECD9867-4F02-4A22-91E6-2DD06122EDAD}"
EndProject
Global
	GlobalSection(SolutionConfigurationPlatforms) = preSolution
		Debug|Any CPU = Debug|Any CPU
		Release|Any CPU = Release|Any CPU
	EndGlobalSection
	GlobalSection(ProjectConfigurationPlatforms) = postSolution
		{6062004E-D430-4644-AD25-4EE6CED64B28}.Debug|Any CPU.ActiveCfg = Debug|Any CPU
		{6062004E-D430-4644-AD25-4EE6CED64B28}.Debug|Any CPU.Build.0 = Debug|Any CPU
		{6062004E-D430-4644-AD25-4EE6CED64B28}.Release|Any CPU.ActiveCfg = Release|Any CPU
		{6062004E-D430-4644-AD25-4EE6CED64B28}.Release|Any CPU.Build.0 = Release|Any CPU
		{C95039A4-173F-4856-8F99-1AFFCBBC52A5}.Debug|Any CPU.ActiveCfg = Debug|Any CPU
		{C95039A4-173F-4856-8F99-1AFFCBBC52A5}.Debug|Any CPU.Build.0 = Debug|Any CPU
		{C95039A4-173F-4856-8F99-1AFFCBBC52A5}.Release|Any CPU.ActiveCfg = Release|Any CPU
		{C95039A4-173F-4856-8F99-1AFFCBBC52A5}.Release|Any CPU.Build.0 = Release|Any CPU
		{2D4AA5D3-1D41-4D6C-ACA0-B7E91A46775B}.Debug|Any CPU.ActiveCfg = Debug|Any CPU
		{2D4AA5D3-1D41-4D6C-ACA0-B7E91A46775B}.Debug|Any CPU.Build.0 = Debug|Any CPU
		{2D4AA5D3-1D41-4D6C-ACA0-B7E91A46775B}.Release|Any CPU.ActiveCfg = Release|Any CPU
		{2D4AA5D3-1D41-4D6C-ACA0-B7E91A46775B}.Release|Any CPU.Build.0 = Release|Any CPU
		{D07C7CA0-28A5-4359-874A-59DABB0B595B}.Debug|Any CPU.ActiveCfg = Debug|Any CPU
		{D07C7CA0-28A5-4359-874A-59DABB0B595B}.Debug|Any CPU.Build.0 = Debug|Any CPU
		{D07C7CA0-28A5-4359-874A-59DABB0B595B}.Release|Any CPU.ActiveCfg = Release|Any CPU
		{D07C7CA0-28A5-4359-874A-59DABB0B595B}.Release|Any CPU.Build.0 = Release|Any CPU
		{2828E353-5E9A-4E7B-8039-8A212C473399}.Debug|Any CPU.ActiveCfg = Debug|Any CPU
		{2828E353-5E9A-4E7B-8039-8A212C473399}.Debug|Any CPU.Build.0 = Debug|Any CPU
		{2828E353-5E9A-4E7B-8039-8A212C473399}.Release|Any CPU.ActiveCfg = Release|Any CPU
		{2828E353-5E9A-4E7B-8039-8A212C473399}.Release|Any CPU.Build.0 = Release|Any CPU
		{6DE8AFF1-92B9-4E01-AD28-19944E1E1B54}.Debug|Any CPU.ActiveCfg = Debug|Any CPU
		{6DE8AFF1-92B9-4E01-AD28-19944E1E1B54}.Debug|Any CPU.Build.0 = Debug|Any CPU
		{6DE8AFF1-92B9-4E01-AD28-19944E1E1B54}.Release|Any CPU.ActiveCfg = Release|Any CPU
		{6DE8AFF1-92B9-4E01-AD28-19944E1E1B54}.Release|Any CPU.Build.0 = Release|Any CPU
		{6ECD9867-4F02-4A22-91E6-2DD06122EDAD}.Debug|Any CPU.ActiveCfg = Debug|Any CPU
		{6ECD9867-4F02-4A22-91E6-2DD06122EDAD}.Debug|Any CPU.Build.0 = Debug|Any CPU
		{6ECD9867-4F02-4A22-91E6-2DD06122EDAD}.Release|Any CPU.ActiveCfg = Release|Any CPU
		{6ECD9867-4F02-4A22-91E6-2DD06122EDAD}.Release|Any CPU.Build.0 = Release|Any CPU
	EndGlobalSection
	GlobalSection(SolutionProperties) = preSolution
		HideSolutionNode = FALSE
	EndGlobalSection
	GlobalSection(ExtensibilityGlobals) = postSolution
		SolutionGuid = {0B55F5A6-2C2C-430B-A99F-7DE636075811}
	EndGlobalSection
EndGlobal
